
Microsoft Visual Studio Solution File, Format Version 10.00
# Visual Studio 2008
Project("{FAE04EC0-301F-11D3-BF4B-00C04F79EFBC}") = "Mips Communication Server", "Mips_Communication_Server\Mips Communication Server.csproj", "{4ED1AE97-40E0-4891-AFB1-44CCD1664122}"
EndProject
Global
	GlobalSection(SolutionConfigurationPlatforms) = preSolution
		Debug|Any CPU = Debug|Any CPU
		Release|Any CPU = Release|Any CPU
	EndGlobalSection
	GlobalSection(ProjectConfigurationPlatforms) = postSolution
		{4ED1AE97-40E0-4891-AFB1-44CCD1664122}.Debug|Any CPU.ActiveCfg = Debug|Any CPU
		{4ED1AE97-40E0-4891-AFB1-44CCD1664122}.Debug|Any CPU.Build.0 = Debug|Any CPU
		{4ED1AE97-40E0-4891-AFB1-44CCD1664122}.Release|Any CPU.ActiveCfg = Release|Any CPU
		{4ED1AE97-40E0-4891-AFB1-44CCD1664122}.Release|Any CPU.Build.0 = Release|Any CPU
	EndGlobalSection
	GlobalSection(SolutionProperties) = preSolution
		HideSolutionNode = FALSE
	EndGlobalSection
EndGlobal
