
Microsoft Visual Studio Solution File, Format Version 9.00
# Visual Studio 2005
Project("{FAE04EC0-301F-11D3-BF4B-00C04F79EFBC}") = "JTAGTerminal", "JTAGTerminal\JTAGTerminal.csproj", "{C9474A1B-FF55-48A7-B7F6-D524DA3D2B01}"
EndProject
Global
	GlobalSection(SolutionConfigurationPlatforms) = preSolution
		Debug|Any CPU = Debug|Any CPU
		Release|Any CPU = Release|Any CPU
	EndGlobalSection
	GlobalSection(ProjectConfigurationPlatforms) = postSolution
		{C9474A1B-FF55-48A7-B7F6-D524DA3D2B01}.Debug|Any CPU.ActiveCfg = Debug|Any CPU
		{C9474A1B-FF55-48A7-B7F6-D524DA3D2B01}.Debug|Any CPU.Build.0 = Debug|Any CPU
		{C9474A1B-FF55-48A7-B7F6-D524DA3D2B01}.Release|Any CPU.ActiveCfg = Release|Any CPU
		{C9474A1B-FF55-48A7-B7F6-D524DA3D2B01}.Release|Any CPU.Build.0 = Release|Any CPU
	EndGlobalSection
	GlobalSection(SolutionProperties) = preSolution
		HideSolutionNode = FALSE
	EndGlobalSection
EndGlobal
